dependencies:
- name: bootstrap
  repository: cm://app.plural.sh/cm/bootstrap
  version: 0.8.78
- name: plural-certmanager-webhook
  repository: cm://app.plural.sh/cm/bootstrap
  version: 0.1.7
digest: sha256:31ed086511689ec64b796c67fc651b1bde0914b82d8268dc34c29c1b80d7d2ae
generated: "2024-09-06T11:20:07.232518-03:00"
